
Microsoft Visual Studio Solution File, Format Version 12.00
# Visual Studio Version 16
VisualStudioVersion = 16.0.30717.126
MinimumVisualStudioVersion = 10.0.40219.1
Project("{9A19103F-16F7-4668-BE54-9A1E7A4F7556}") = "A1", "A1.csproj", "{DBC86B97-7FA7-4D4A-91DA-41F53B82362D}"
EndProject
Global
	GlobalSection(SolutionConfigurationPlatforms) = preSolution
		Debug|Any CPU = Debug|Any CPU
		Release|Any CPU = Release|Any CPU
	EndGlobalSection
	GlobalSection(ProjectConfigurationPlatforms) = postSolution
		{DBC86B97-7FA7-4D4A-91DA-41F53B82362D}.Debug|Any CPU.ActiveCfg = Debug|Any CPU
		{DBC86B97-7FA7-4D4A-91DA-41F53B82362D}.Debug|Any CPU.Build.0 = Debug|Any CPU
		{DBC86B97-7FA7-4D4A-91DA-41F53B82362D}.Release|Any CPU.ActiveCfg = Release|Any CPU
		{DBC86B97-7FA7-4D4A-91DA-41F53B82362D}.Release|Any CPU.Build.0 = Release|Any CPU
	EndGlobalSection
	GlobalSection(SolutionProperties) = preSolution
		HideSolutionNode = FALSE
	EndGlobalSection
	GlobalSection(ExtensibilityGlobals) = postSolution
		SolutionGuid = {2B96CE4B-52A3-4C16-BD04-43F8F553AE21}
	EndGlobalSection
EndGlobal
